{
  "name": "react-tracked-basic",
  "version": "1.0.0",
  "lockfileVersion": 1,
  "requires": true,
  "dependencies": {
    "react-tracked": {
      "version": "1.4.2",
      "resolved": "https://registry.npmjs.org/react-tracked/-/react-tracked-1.4.2.tgz",
      "integrity": "sha512-Rjc8tdXPP6peuyph2wTBAQVm/7K0EH1uEmxcWCF072o9Z42mI72YZtTY0KnUB6iT6xEBM/ri35GzhgC/pxNTRg=="
    }
  }
}
