{
  "name": "immer-example",
  "version": "1.0.0",
  "lockfileVersion": 1,
  "requires": true,
  "dependencies": {
    "immer": {
      "version": "5.3.4",
      "resolved": "https://registry.npmjs.org/immer/-/immer-5.3.4.tgz",
      "integrity": "sha512-2SmrJY1MviStaIM+nGWGQVrSxICx5QnzrgtDQgIv0vAka9urVnOR4ZGNFFXo04cnZUqQ2T1W7MjHVTVJoYujFg=="
    }
  }
}
